// !$*UTF8*$!
{
	archiveVersion = 1;
	classes = {
	};
	objectVersion = 55;
	objects = {

/* Begin PBXBuildFile section */
		C449EE982823B8AB004F5F4D /* WeatherDemoApp.swift in Sources */ = {isa = PBXBuildFile; fileRef = C449EE972823B8AB004F5F4D /* WeatherDemoApp.swift */; };
		C449EE9A2823B8AB004F5F4D /* ContentView.swift in Sources */ = {isa = PBXBuildFile; fileRef = C449EE992823B8AB004F5F4D /* ContentView.swift */; };
		C449EE9C2823B8AF004F5F4D /* Assets.xcassets in Resources */ = {isa = PBXBuildFile; fileRef = C449EE9B2823B8AF004F5F4D /* Assets.xcassets */; };
		C449EE9F2823B8AF004F5F4D /* Preview Assets.xcassets in Resources */ = {isa = PBXBuildFile; fileRef = C449EE9E2823B8AF004F5F4D /* Preview Assets.xcassets */; };
		C449EEA72823B96A004F5F4D /* LocationManager.swift in Sources */ = {isa = PBXBuildFile; fileRef = C449EEA62823B96A004F5F4D /* LocationManager.swift */; };
		C449EEAA2823BAA0004F5F4D /* WelcomeView.swift in Sources */ = {isa = PBXBuildFile; fileRef = C449EEA92823BAA0004F5F4D /* WelcomeView.swift */; };
		C449EEAC2823BCF8004F5F4D /* LoadingView.swift in Sources */ = {isa = PBXBuildFile; fileRef = C449EEAB2823BCF8004F5F4D /* LoadingView.swift */; };
		C449EEAE2823C183004F5F4D /* WeatherManager.swift in Sources */ = {isa = PBXBuildFile; fileRef = C449EEAD2823C183004F5F4D /* WeatherManager.swift */; };
		C449EEB028241ABE004F5F4D /* WeatherView.swift in Sources */ = {isa = PBXBuildFile; fileRef = C449EEAF28241ABE004F5F4D /* WeatherView.swift */; };
		C449EEB228241B26004F5F4D /* ModelData.swift in Sources */ = {isa = PBXBuildFile; fileRef = C449EEB128241B26004F5F4D /* ModelData.swift */; };
		C449EEB428241B3F004F5F4D /* weatherData.json in Resources */ = {isa = PBXBuildFile; fileRef = C449EEB328241B3F004F5F4D /* weatherData.json */; };
		C4CD92BC282437960073DBC1 /* Extensions.swift in Sources */ = {isa = PBXBuildFile; fileRef = C4CD92BB282437960073DBC1 /* Extensions.swift */; };
/* End PBXBuildFile section */

/* Begin PBXFileReference section */
		C449EE942823B8AB004F5F4D /* WeatherDemo.app */ = {isa = PBXFileReference; explicitFileType = wrapper.application; includeInIndex = 0; path = WeatherDemo.app; sourceTree = BUILT_PRODUCTS_DIR; };
		C449EE972823B8AB004F5F4D /* WeatherDemoApp.swift */ = {isa = PBXFileReference; lastKnownFileType = sourcecode.swift; path = WeatherDemoApp.swift; sourceTree = "<group>"; };
		C449EE992823B8AB004F5F4D /* ContentView.swift */ = {isa = PBXFileReference; lastKnownFileType = sourcecode.swift; path = ContentView.swift; sourceTree = "<group>"; };
		C449EE9B2823B8AF004F5F4D /* Assets.xcassets */ = {isa = PBXFileReference; lastKnownFileType = folder.assetcatalog; path = Assets.xcassets; sourceTree = "<group>"; };
		C449EE9E2823B8AF004F5F4D /* Preview Assets.xcassets */ = {isa = PBXFileReference; lastKnownFileType = folder.assetcatalog; path = "Preview Assets.xcassets"; sourceTree = "<group>"; };
		C449EEA62823B96A004F5F4D /* LocationManager.swift */ = {isa = PBXFileReference; lastKnownFileType = sourcecode.swift; path = LocationManager.swift; sourceTree = "<group>"; };
		C449EEA92823BAA0004F5F4D /* WelcomeView.swift */ = {isa = PBXFileReference; lastKnownFileType = sourcecode.swift; path = WelcomeView.swift; sourceTree = "<group>"; };
		C449EEAB2823BCF8004F5F4D /* LoadingView.swift */ = {isa = PBXFileReference; lastKnownFileType = sourcecode.swift; path = LoadingView.swift; sourceTree = "<group>"; };
		C449EEAD2823C183004F5F4D /* WeatherManager.swift */ = {isa = PBXFileReference; lastKnownFileType = sourcecode.swift; path = WeatherManager.swift; sourceTree = "<group>"; };
		C449EEAF28241ABE004F5F4D /* WeatherView.swift */ = {isa = PBXFileReference; lastKnownFileType = sourcecode.swift; path = WeatherView.swift; sourceTree = "<group>"; };
		C449EEB128241B26004F5F4D /* ModelData.swift */ = {isa = PBXFileReference; lastKnownFileType = sourcecode.swift; path = ModelData.swift; sourceTree = "<group>"; };
		C449EEB328241B3F004F5F4D /* weatherData.json */ = {isa = PBXFileReference; lastKnownFileType = text.json; path = weatherData.json; sourceTree = "<group>"; };
		C4CD92BB282437960073DBC1 /* Extensions.swift */ = {isa = PBXFileReference; lastKnownFileType = sourcecode.swift; path = Extensions.swift; sourceTree = "<group>"; };
/* End PBXFileReference section */

/* Begin PBXFrameworksBuildPhase section */
		C449EE912823B8AB004F5F4D /* Frameworks */ = {
			isa = PBXFrameworksBuildPhase;
			buildActionMask = 2147483647;
			files = (
			);
			runOnlyForDeploymentPostprocessing = 0;
		};
/* End PBXFrameworksBuildPhase section */

/* Begin PBXGroup section */
		C449EE8B2823B8AB004F5F4D = {
			isa = PBXGroup;
			children = (
				C449EE962823B8AB004F5F4D /* WeatherDemo */,
				C449EE952823B8AB004F5F4D /* Products */,
			);
			sourceTree = "<group>";
		};
		C449EE952823B8AB004F5F4D /* Products */ = {
			isa = PBXGroup;
			children = (
				C449EE942823B8AB004F5F4D /* WeatherDemo.app */,
			);
			name = Products;
			sourceTree = "<group>";
		};
		C449EE962823B8AB004F5F4D /* WeatherDemo */ = {
			isa = PBXGroup;
			children = (
				C449EEA52823B957004F5F4D /* Manager */,
				C449EEA82823BA63004F5F4D /* Views */,
				C449EE972823B8AB004F5F4D /* WeatherDemoApp.swift */,
				C449EE9B2823B8AF004F5F4D /* Assets.xcassets */,
				C449EE9D2823B8AF004F5F4D /* Preview Content */,
				C4CD92BB282437960073DBC1 /* Extensions.swift */,
			);
			path = WeatherDemo;
			sourceTree = "<group>";
		};
		C449EE9D2823B8AF004F5F4D /* Preview Content */ = {
			isa = PBXGroup;
			children = (
				C449EE9E2823B8AF004F5F4D /* Preview Assets.xcassets */,
				C449EEB128241B26004F5F4D /* ModelData.swift */,
				C449EEB328241B3F004F5F4D /* weatherData.json */,
			);
			path = "Preview Content";
			sourceTree = "<group>";
		};
		C449EEA52823B957004F5F4D /* Manager */ = {
			isa = PBXGroup;
			children = (
				C449EEA62823B96A004F5F4D /* LocationManager.swift */,
				C449EEAD2823C183004F5F4D /* WeatherManager.swift */,
			);
			path = Manager;
			sourceTree = "<group>";
		};
		C449EEA82823BA63004F5F4D /* Views */ = {
			isa = PBXGroup;
			children = (
				C449EE992823B8AB004F5F4D /* ContentView.swift */,
				C449EEAB2823BCF8004F5F4D /* LoadingView.swift */,
				C449EEA92823BAA0004F5F4D /* WelcomeView.swift */,
				C449EEAF28241ABE004F5F4D /* WeatherView.swift */,
			);
			path = Views;
			sourceTree = "<group>";
		};
/* End PBXGroup section */

/* Begin PBXNativeTarget section */
		C449EE932823B8AB004F5F4D /* WeatherDemo */ = {
			isa = PBXNativeTarget;
			buildConfigurationList = C449EEA22823B8AF004F5F4D /* Build configuration list for PBXNativeTarget "WeatherDemo" */;
			buildPhases = (
				C449EE902823B8AB004F5F4D /* Sources */,
				C449EE912823B8AB004F5F4D /* Frameworks */,
				C449EE922823B8AB004F5F4D /* Resources */,
			);
			buildRules = (
			);
			dependencies = (
			);
			name = WeatherDemo;
			productName = WeatherDemo;
			productReference = C449EE942823B8AB004F5F4D /* WeatherDemo.app */;
			productType = "com.apple.product-type.application";
		};
/* End PBXNativeTarget section */

/* Begin PBXProject section */
		C449EE8C2823B8AB004F5F4D /* Project object */ = {
			isa = PBXProject;
			attributes = {
				BuildIndependentTargetsInParallel = 1;
				LastSwiftUpdateCheck = 1330;
				LastUpgradeCheck = 1330;
				TargetAttributes = {
					C449EE932823B8AB004F5F4D = {
						CreatedOnToolsVersion = 13.3.1;
					};
				};
			};
			buildConfigurationList = C449EE8F2823B8AB004F5F4D /* Build configuration list for PBXProject "WeatherDemo" */;
			compatibilityVersion = "Xcode 13.0";
			developmentRegion = en;
			hasScannedForEncodings = 0;
			knownRegions = (
				en,
				Base,
			);
			mainGroup = C449EE8B2823B8AB004F5F4D;
			productRefGroup = C449EE952823B8AB004F5F4D /* Products */;
			projectDirPath = "";
			projectRoot = "";
			targets = (
				C449EE932823B8AB004F5F4D /* WeatherDemo */,
			);
		};
/* End PBXProject section */

/* Begin PBXResourcesBuildPhase section */
		C449EE922823B8AB004F5F4D /* Resources */ = {
			isa = PBXResourcesBuildPhase;
			buildActionMask = 2147483647;
			files = (
				C449EE9F2823B8AF004F5F4D /* Preview Assets.xcassets in Resources */,
				C449EEB428241B3F004F5F4D /* weatherData.json in Resources */,
				C449EE9C2823B8AF004F5F4D /* Assets.xcassets in Resources */,
			);
			runOnlyForDeploymentPostprocessing = 0;
		};
/* End PBXResourcesBuildPhase section */

/* Begin PBXSourcesBuildPhase section */
		C449EE902823B8AB004F5F4D /* Sources */ = {
			isa = PBXSourcesBuildPhase;
			buildActionMask = 2147483647;
			files = (
				C449EEAE2823C183004F5F4D /* WeatherManager.swift in Sources */,
				C4CD92BC282437960073DBC1 /* Extensions.swift in Sources */,
				C449EE9A2823B8AB004F5F4D /* ContentView.swift in Sources */,
				C449EE982823B8AB004F5F4D /* WeatherDemoApp.swift in Sources */,
				C449EEA72823B96A004F5F4D /* LocationManager.swift in Sources */,
				C449EEAC2823BCF8004F5F4D /* LoadingView.swift in Sources */,
				C449EEB228241B26004F5F4D /* ModelData.swift in Sources */,
				C449EEB028241ABE004F5F4D /* WeatherView.swift in Sources */,
				C449EEAA2823BAA0004F5F4D /* WelcomeView.swift in Sources */,
			);
			runOnlyForDeploymentPostprocessing = 0;
		};
/* End PBXSourcesBuildPhase section */

/* Begin XCBuildConfiguration section */
		C449EEA02823B8AF004F5F4D /* Debug */ = {
			isa = XCBuildConfiguration;
			buildSettings = {
				ALWAYS_SEARCH_USER_PATHS = NO;
				CLANG_ANALYZER_NONNULL = YES;
				CLANG_ANALYZER_NUMBER_OBJECT_CONVERSION = YES_AGGRESSIVE;
				CLANG_CXX_LANGUAGE_STANDARD = "gnu++17";
				CLANG_ENABLE_MODULES = YES;
				CLANG_ENABLE_OBJC_ARC = YES;
				CLANG_ENABLE_OBJC_WEAK = YES;
				CLANG_WARN_BLOCK_CAPTURE_AUTORELEASING = YES;
				CLANG_WARN_BOOL_CONVERSION = YES;
				CLANG_WARN_COMMA = YES;
				CLANG_WARN_CONSTANT_CONVERSION = YES;
				CLANG_WARN_DEPRECATED_OBJC_IMPLEMENTATIONS = YES;
				CLANG_WARN_DIRECT_OBJC_ISA_USAGE = YES_ERROR;
				CLANG_WARN_DOCUMENTATION_COMMENTS = YES;
				CLANG_WARN_EMPTY_BODY = YES;
				CLANG_WARN_ENUM_CONVERSION = YES;
				CLANG_WARN_INFINITE_RECURSION = YES;
				CLANG_WARN_INT_CONVERSION = YES;
				CLANG_WARN_NON_LITERAL_NULL_CONVERSION = YES;
				CLANG_WARN_OBJC_IMPLICIT_RETAIN_SELF = YES;
				CLANG_WARN_OBJC_LITERAL_CONVERSION = YES;
				CLANG_WARN_OBJC_ROOT_CLASS = YES_ERROR;
				CLANG_WARN_QUOTED_INCLUDE_IN_FRAMEWORK_HEADER = YES;
				CLANG_WARN_RANGE_LOOP_ANALYSIS = YES;
				CLANG_WARN_STRICT_PROTOTYPES = YES;
				CLANG_WARN_SUSPICIOUS_MOVE = YES;
				CLANG_WARN_UNGUARDED_AVAILABILITY = YES_AGGRESSIVE;
				CLANG_WARN_UNREACHABLE_CODE = YES;
				CLANG_WARN__DUPLICATE_METHOD_MATCH = YES;
				COPY_PHASE_STRIP = NO;
				DEBUG_INFORMATION_FORMAT = dwarf;
				ENABLE_STRICT_OBJC_MSGSEND = YES;
				ENABLE_TESTABILITY = YES;
				GCC_C_LANGUAGE_STANDARD = gnu11;
				GCC_DYNAMIC_NO_PIC = NO;
				GCC_NO_COMMON_BLOCKS = YES;
				GCC_OPTIMIZATION_LEVEL = 0;
				GCC_PREPROCESSOR_DEFINITIONS = (
					"DEBUG=1",
					"$(inherited)",
				);
				GCC_WARN_64_TO_32_BIT_CONVERSION = YES;
				GCC_WARN_ABOUT_RETURN_TYPE = YES_ERROR;
				GCC_WARN_UNDECLARED_SELECTOR = YES;
				GCC_WARN_UNINITIALIZED_AUTOS = YES_AGGRESSIVE;
				GCC_WARN_UNUSED_FUNCTION = YES;
				GCC_WARN_UNUSED_VARIABLE = YES;
				IPHONEOS_DEPLOYMENT_TARGET = 15.4;
				MTL_ENABLE_DEBUG_INFO = INCLUDE_SOURCE;
				MTL_FAST_MATH = YES;
				ONLY_ACTIVE_ARCH = YES;
				SDKROOT = iphoneos;
				SWIFT_ACTIVE_COMPILATION_CONDITIONS = DEBUG;
				SWIFT_OPTIMIZATION_LEVEL = "-Onone";
			};
			name = Debug;
		};
		C449EEA12823B8AF004F5F4D /* Release */ = {
			isa = XCBuildConfiguration;
			buildSettings = {
				ALWAYS_SEARCH_USER_PATHS = NO;
				CLANG_ANALYZER_NONNULL = YES;
				CLANG_ANALYZER_NUMBER_OBJECT_CONVERSION = YES_AGGRESSIVE;
				CLANG_CXX_LANGUAGE_STANDARD = "gnu++17";
				CLANG_ENABLE_MODULES = YES;
				CLANG_ENABLE_OBJC_ARC = YES;
				CLANG_ENABLE_OBJC_WEAK = YES;
				CLANG_WARN_BLOCK_CAPTURE_AUTORELEASING = YES;
				CLANG_WARN_BOOL_CONVERSION = YES;
				CLANG_WARN_COMMA = YES;
				CLANG_WARN_CONSTANT_CONVERSION = YES;
				CLANG_WARN_DEPRECATED_OBJC_IMPLEMENTATIONS = YES;
				CLANG_WARN_DIRECT_OBJC_ISA_USAGE = YES_ERROR;
				CLANG_WARN_DOCUMENTATION_COMMENTS = YES;
				CLANG_WARN_EMPTY_BODY = YES;
				CLANG_WARN_ENUM_CONVERSION = YES;
				CLANG_WARN_INFINITE_RECURSION = YES;
				CLANG_WARN_INT_CONVERSION = YES;
				CLANG_WARN_NON_LITERAL_NULL_CONVERSION = YES;
				CLANG_WARN_OBJC_IMPLICIT_RETAIN_SELF = YES;
				CLANG_WARN_OBJC_LITERAL_CONVERSION = YES;
				CLANG_WARN_OBJC_ROOT_CLASS = YES_ERROR;
				CLANG_WARN_QUOTED_INCLUDE_IN_FRAMEWORK_HEADER = YES;
				CLANG_WARN_RANGE_LOOP_ANALYSIS = YES;
				CLANG_WARN_STRICT_PROTOTYPES = YES;
				CLANG_WARN_SUSPICIOUS_MOVE = YES;
				CLANG_WARN_UNGUARDED_AVAILABILITY = YES_AGGRESSIVE;
				CLANG_WARN_UNREACHABLE_CODE = YES;
				CLANG_WARN__DUPLICATE_METHOD_MATCH = YES;
				COPY_PHASE_STRIP = NO;
				DEBUG_INFORMATION_FORMAT = "dwarf-with-dsym";
				ENABLE_NS_ASSERTIONS = NO;
				ENABLE_STRICT_OBJC_MSGSEND = YES;
				GCC_C_LANGUAGE_STANDARD = gnu11;
				GCC_NO_COMMON_BLOCKS = YES;
				GCC_WARN_64_TO_32_BIT_CONVERSION = YES;
				GCC_WARN_ABOUT_RETURN_TYPE = YES_ERROR;
				GCC_WARN_UNDECLARED_SELECTOR = YES;
				GCC_WARN_UNINITIALIZED_AUTOS = YES_AGGRESSIVE;
				GCC_WARN_UNUSED_FUNCTION = YES;
				GCC_WARN_UNUSED_VARIABLE = YES;
				IPHONEOS_DEPLOYMENT_TARGET = 15.4;
				MTL_ENABLE_DEBUG_INFO = NO;
				MTL_FAST_MATH = YES;
				SDKROOT = iphoneos;
				SWIFT_COMPILATION_MODE = wholemodule;
				SWIFT_OPTIMIZATION_LEVEL = "-O";
				VALIDATE_PRODUCT = YES;
			};
			name = Release;
		};
		C449EEA32823B8AF004F5F4D /* Debug */ = {
			isa = XCBuildConfiguration;
			buildSettings = {
				ASSETCATALOG_COMPILER_APPICON_NAME = AppIcon;
				ASSETCATALOG_COMPILER_GLOBAL_ACCENT_COLOR_NAME = AccentColor;
				CODE_SIGN_STYLE = Automatic;
				CURRENT_PROJECT_VERSION = 1;
				DEVELOPMENT_ASSET_PATHS = "\"WeatherDemo/Preview Content\"";
				DEVELOPMENT_TEAM = 4HYT2U85R2;
				ENABLE_PREVIEWS = YES;
				GENERATE_INFOPLIST_FILE = YES;
				INFOPLIST_KEY_UIApplicationSceneManifest_Generation = YES;
				INFOPLIST_KEY_UIApplicationSupportsIndirectInputEvents = YES;
				INFOPLIST_KEY_UILaunchScreen_Generation = YES;
				INFOPLIST_KEY_UISupportedInterfaceOrientations_iPad = "UIInterfaceOrientationPortrait UIInterfaceOrientationPortraitUpsideDown UIInterfaceOrientationLandscapeLeft UIInterfaceOrientationLandscapeRight";
				INFOPLIST_KEY_UISupportedInterfaceOrientations_iPhone = "UIInterfaceOrientationPortrait UIInterfaceOrientationLandscapeLeft UIInterfaceOrientationLandscapeRight";
				IPHONEOS_DEPLOYMENT_TARGET = 15.0;
				LD_RUNPATH_SEARCH_PATHS = (
					"$(inherited)",
					"@executable_path/Frameworks",
				);
				MARKETING_VERSION = 1.0;
				PRODUCT_BUNDLE_IDENTIFIER = com.guik.WeatherDemo;
				PRODUCT_NAME = "$(TARGET_NAME)";
				SWIFT_EMIT_LOC_STRINGS = YES;
				SWIFT_VERSION = 5.0;
				TARGETED_DEVICE_FAMILY = "1,2";
			};
			name = Debug;
		};
		C449EEA42823B8AF004F5F4D /* Release */ = {
			isa = XCBuildConfiguration;
			buildSettings = {
				ASSETCATALOG_COMPILER_APPICON_NAME = AppIcon;
				ASSETCATALOG_COMPILER_GLOBAL_ACCENT_COLOR_NAME = AccentColor;
				CODE_SIGN_STYLE = Automatic;
				CURRENT_PROJECT_VERSION = 1;
				DEVELOPMENT_ASSET_PATHS = "\"WeatherDemo/Preview Content\"";
				DEVELOPMENT_TEAM = 4HYT2U85R2;
				ENABLE_PREVIEWS = YES;
				GENERATE_INFOPLIST_FILE = YES;
				INFOPLIST_KEY_UIApplicationSceneManifest_Generation = YES;
				INFOPLIST_KEY_UIApplicationSupportsIndirectInputEvents = YES;
				INFOPLIST_KEY_UILaunchScreen_Generation = YES;
				INFOPLIST_KEY_UISupportedInterfaceOrientations_iPad = "UIInterfaceOrientationPortrait UIInterfaceOrientationPortraitUpsideDown UIInterfaceOrientationLandscapeLeft UIInterfaceOrientationLandscapeRight";
				INFOPLIST_KEY_UISupportedInterfaceOrientations_iPhone = "UIInterfaceOrientationPortrait UIInterfaceOrientationLandscapeLeft UIInterfaceOrientationLandscapeRight";
				IPHONEOS_DEPLOYMENT_TARGET = 15.0;
				LD_RUNPATH_SEARCH_PATHS = (
					"$(inherited)",
					"@executable_path/Frameworks",
				);
				MARKETING_VERSION = 1.0;
				PRODUCT_BUNDLE_IDENTIFIER = com.guik.WeatherDemo;
				PRODUCT_NAME = "$(TARGET_NAME)";
				SWIFT_EMIT_LOC_STRINGS = YES;
				SWIFT_VERSION = 5.0;
				TARGETED_DEVICE_FAMILY = "1,2";
			};
			name = Release;
		};
/* End XCBuildConfiguration section */

/* Begin XCConfigurationList section */
		C449EE8F2823B8AB004F5F4D /* Build configuration list for PBXProject "WeatherDemo" */ = {
			isa = XCConfigurationList;
			buildConfigurations = (
				C449EEA02823B8AF004F5F4D /* Debug */,
				C449EEA12823B8AF004F5F4D /* Release */,
			);
			defaultConfigurationIsVisible = 0;
			defaultConfigurationName = Release;
		};
		C449EEA22823B8AF004F5F4D /* Build configuration list for PBXNativeTarget "WeatherDemo" */ = {
			isa = XCConfigurationList;
			buildConfigurations = (
				C449EEA32823B8AF004F5F4D /* Debug */,
				C449EEA42823B8AF004F5F4D /* Release */,
			);
			defaultConfigurationIsVisible = 0;
			defaultConfigurationName = Release;
		};
/* End XCConfigurationList section */
	};
	rootObject = C449EE8C2823B8AB004F5F4D /* Project object */;
}
